#MicroXplorer Configuration settings - do not modify
Mcu.Family=STM32F4
SH.GPXTI1.0=GPIO_EXTI1
NVIC.OTG_HS_IRQn=true\:0\:0\:false\:false\:true\:false\:false\:true
ProjectManager.MainLocation=Core/Src
NVIC.CAN1_RX1_IRQn=true\:3\:0\:true\:false\:true\:false\:true\:true
VP_TIM10_VS_ClockSourceINT.Signal=TIM10_VS_ClockSourceINT
PD12.GPIO_Label=PWM1_BLACK_UPS_RELAY
PH0-OSC_IN.Signal=RCC_OSC_IN
VP_USB_DEVICE_VS_USB_DEVICE_CDC_HS.Mode=CDC_HS
RCC.CortexFreq_Value=40000000
NVIC.CAN2_RX0_IRQn=true\:0\:0\:false\:false\:true\:false\:true\:true
ProjectManager.KeepUserCode=true
Mcu.UserName=STM32F407VGTx
PE11.GPIOParameters=GPIO_Label
SH.GPXTI9.0=GPIO_EXTI9
PE11.GPIO_Label=OPTO_INPUT11
PA10.GPIO_PuPd=GPIO_PULLDOWN
SH.GPXTI14.0=GPIO_EXTI14
RCC.PLLCLKFreq_Value=40000000
RCC.PLLQCLKFreq_Value=48000000
ProjectManager.functionlistsort=1-MX_GPIO_Init-GPIO-false-HAL-true,2-SystemClock_Config-RCC-false-HAL-false,3-MX_CAN1_Init-CAN1-false-HAL-true,4-MX_CAN2_Init-CAN2-false-HAL-true,5-MX_TIM10_Init-TIM10-false-HAL-true,6-MX_USB_DEVICE_Init-USB_DEVICE-false-HAL-false
NVIC.EXTI3_IRQn=true\:2\:0\:true\:false\:true\:false\:true\:true
PA11.Mode=Master
RCC.RTCFreq_Value=32000
PB13.Signal=CAN2_TX
PB15.Signal=USB_OTG_HS_DP
PC15-OSC32_OUT.GPIO_Label=LED_D6
PinOutPanel.RotationAngle=0
PE6.GPIO_Label=OPTO_INPUT6
PE5.GPIOParameters=GPIO_Label,GPIO_ModeDefaultEXTI
RCC.SYSCLKSource=RCC_SYSCLKSOURCE_PLLCLK
ProjectManager.StackSize=0x4000
SH.GPXTI2.0=GPIO_EXTI2
SH.GPXTI13.0=GPIO_EXTI13
PD13.Signal=GPIO_Output
Mcu.IP4=RCC
SH.GPXTI7.ConfNb=1
RCC.FCLKCortexFreq_Value=40000000
Mcu.IP5=SYS
PD13.Locked=true
Mcu.IP2=FREERTOS
NVIC.SVCall_IRQn=true\:0\:0\:false\:false\:false\:false\:false\:false
Mcu.IP3=NVIC
Mcu.IP0=CAN1
PA12.Locked=true
Mcu.IP1=CAN2
NVIC.EXTI1_IRQn=true\:2\:0\:true\:false\:true\:false\:true\:true
PA12.Signal=CAN1_TX
PE4.GPIOParameters=GPIO_Label,GPIO_ModeDefaultEXTI
SH.GPXTI3.ConfNb=1
Mcu.UserConstants=
PD15.GPIOParameters=GPIO_Label
VP_USB_DEVICE_VS_USB_DEVICE_CDC_HS.Signal=USB_DEVICE_VS_USB_DEVICE_CDC_HS
SH.GPXTI13.ConfNb=1
NVIC.CAN1_TX_IRQn=true\:0\:0\:true\:false\:true\:false\:true\:true
Mcu.ThirdPartyNb=0
RCC.HCLKFreq_Value=40000000
Mcu.IPNb=9
RCC.I2SClocksFreq_Value=192000000
ProjectManager.PreviousToolchain=STM32CubeIDE
RCC.APB2TimFreq_Value=40000000
VP_TIM10_VS_ClockSourceINT.Mode=Enable_Timer
RCC.VcooutputI2S=192000000
Mcu.Pin6=PC14-OSC32_IN
Mcu.Pin7=PC15-OSC32_OUT
Mcu.Pin8=PH0-OSC_IN
PE5.Signal=GPXTI5
PE10.Locked=true
Mcu.Pin9=PH1-OSC_OUT
PE1.Signal=GPXTI1
FREERTOS.IPParameters=Tasks01,HEAP_NUMBER,FootprintOK
USB_DEVICE.VirtualMode-CDC_HS=Cdc
RCC.AHBFreq_Value=40000000
PH0-OSC_IN.Mode=HSE-External-Oscillator
PB13.Locked=true
Mcu.Pin0=PE2
Mcu.Pin1=PE3
PE14.Locked=true
GPIO.groupedBy=Group By Peripherals
Mcu.Pin2=PE4
Mcu.Pin3=PE5
Mcu.Pin4=PE6
NVIC.EXTI15_10_IRQn=true\:2\:0\:true\:false\:true\:false\:true\:true
Mcu.Pin5=PC13-ANTI_TAMP
ProjectManager.ProjectBuild=false
RCC.HSE_VALUE=16000000
NVIC.UsageFault_IRQn=true\:0\:0\:false\:false\:true\:false\:false\:false
NVIC.DebugMonitor_IRQn=true\:0\:0\:false\:false\:true\:false\:false\:false
NVIC.TIM8_TRG_COM_TIM14_IRQn=true\:0\:0\:false\:false\:true\:false\:false\:true
PC13-ANTI_TAMP.Signal=GPIO_Output
NVIC.SysTick_IRQn=true\:0\:0\:false\:false\:false\:false\:false\:true
SH.GPXTI12.0=GPIO_EXTI12
SH.GPXTI7.0=GPIO_EXTI7
USB_DEVICE.USBD_DEBUG_LEVEL-CDC_HS=3
ProjectManager.FirmwarePackage=STM32Cube FW_F4 V1.25.0
VP_SYS_VS_tim14.Signal=SYS_VS_tim14
MxDb.Version=DB.6.0.0
PE15.Locked=true
PE13.Signal=GPXTI13
ProjectManager.BackupPrevious=false
RCC.VCOInputFreq_Value=2000000
PE9.Signal=GPXTI9
PA14.Mode=Serial_Wire
PE8.Locked=true
CAN2.Prescaler=50
PE9.Locked=true
PB14.Mode=Device_Only_FS
FREERTOS.HEAP_NUMBER=1
File.Version=6
PA10.GPIO_Label=CAN1_RS
PE4.GPIO_Label=OPTO_INPUT4
PE3.GPIOParameters=GPIO_Label,GPIO_ModeDefaultEXTI
PE3.Locked=true
PE2.Signal=GPXTI2
PB7.Signal=GPIO_Output
PE1.Locked=true
SH.GPXTI11.ConfNb=1
NVIC.PendSV_IRQn=true\:0\:0\:false\:false\:false\:false\:false\:false
USB_OTG_HS.IPParameters=VirtualMode-Device_Only_FS,Sof_enable-Device_Only_FS,dma_enable-Device_Only_FS
VP_FREERTOS_VS_CMSIS_V1.Mode=CMSIS_V1
VP_SYS_VS_tim14.Mode=TIM14
PE10.Signal=GPXTI10
PE4.Signal=GPXTI4
PE6.GPIOParameters=GPIO_Label,GPIO_ModeDefaultEXTI
ProjectManager.HalAssertFull=false
PC14-OSC32_IN.GPIOParameters=GPIO_Label
ProjectManager.ProjectName=psd-ecm
PH1-OSC_OUT.Mode=HSE-External-Oscillator
PB7.GPIO_Label=CAN2_RS
RCC.MCO2PinFreq_Value=40000000
PD13.GPIO_Label=PWM2_WHITE_MAIN_RELAY
CAN1.Prescaler=10
Mcu.Package=LQFP100
PB12.Mode=Slave
NVIC.TimeBase=TIM8_TRG_COM_TIM14_IRQn
SH.GPXTI11.0=GPIO_EXTI11
CAN2.BS1=CAN_BS1_13TQ
CAN2.BS2=CAN_BS2_2TQ
SH.GPXTI8.0=GPIO_EXTI8
PE10.GPIOParameters=GPIO_Label
PD12.Signal=GPIO_Output
ProjectManager.ToolChainLocation=
PD14.Locked=true
RCC.LSI_VALUE=32000
SH.GPXTI8.ConfNb=1
SH.GPXTI5.ConfNb=1
NVIC.TimeBaseIP=TIM14
PA10.Signal=GPIO_Output
FREERTOS.FootprintOK=true
PE12.GPIO_Label=OPTO_INPUT10
USB_DEVICE.CLASS_NAME_HS=CDC
SH.GPXTI14.ConfNb=1
USB_DEVICE.VirtualModeHS=Cdc_HS
RCC.APB2CLKDivider=RCC_HCLK_DIV2
NVIC.EXTI2_IRQn=true\:2\:0\:true\:false\:true\:false\:true\:true
RCC.APB1TimFreq_Value=40000000
NVIC.BusFault_IRQn=true\:0\:0\:false\:false\:true\:false\:false\:false
PC14-OSC32_IN.GPIO_Label=LED_D5
PB13.Mode=Slave
PE6.Locked=true
PE7.Signal=GPXTI7
PC15-OSC32_OUT.GPIOParameters=GPIO_Label
USB_OTG_HS.dma_enable-Device_Only_FS=DISABLE
PE10.GPIO_Label=OPTO_INPUT12
TIM10.IPParameters=Prescaler,Period
PE2.GPIO_Label=OPTO_INPUT2
PE12.Locked=true
PD15.Signal=GPIO_Output
USB_DEVICE.APP_RX_DATA_SIZE-CDC_HS=40
ProjectManager.CustomerFirmwarePackage=
PC14-OSC32_IN.Locked=true
CAN1.CalculateTimeQuantum=250.0
PC13-ANTI_TAMP.GPIOParameters=GPIO_Label
PE3.GPIO_ModeDefaultEXTI=GPIO_MODE_IT_RISING_FALLING
SH.GPXTI10.0=GPIO_EXTI10
PB7.GPIO_PuPd=GPIO_PULLDOWN
TIM10.Prescaler=9999
NVIC.EXTI4_IRQn=true\:2\:0\:true\:false\:true\:false\:true\:true
SH.GPXTI5.0=GPIO_EXTI5
NVIC.CAN2_TX_IRQn=true\:2\:0\:true\:false\:true\:false\:true\:true
ProjectManager.ProjectFileName=psd-ecm.ioc
PE8.GPIOParameters=GPIO_Label
FREERTOS.Tasks01=defaultTask,0,128,StartDefaultTask,Default,NULL,Dynamic,NULL,NULL;mainTask,-3,256,StartMainTask,As weak,NULL,Static,mainTaskBuffer,mainTaskControlBlock
PD15.GPIO_Label=PWM4_BLUE_ENABLE_RELAYS
PE14.GPIOParameters=GPIO_Label
Mcu.PinsNb=38
USB_DEVICE.PRODUCT_STRING_CDC_HS=PsdEcmComPort
ProjectManager.NoMain=false
PC13-ANTI_TAMP.GPIO_Label=LED_D4
NVIC.SavedSvcallIrqHandlerGenerated=true
CAN1.IPParameters=CalculateTimeQuantum,Prescaler,BS1,BS2
USB_DEVICE.APP_TX_DATA_SIZE-CDC_HS=40
CAN2.IPParameters=CalculateTimeQuantum,Prescaler,BS1,BS2,Mode
PE4.GPIO_ModeDefaultEXTI=GPIO_MODE_IT_RISING_FALLING
USB_OTG_HS.Sof_enable-Device_Only_FS=DISABLE
PD13.GPIOParameters=GPIO_Label
ProjectManager.DefaultFWLocation=true
PE14.GPIO_Label=OPTO_INPUT8
ProjectManager.DeletePrevious=true
PE1.GPIO_ModeDefaultEXTI=GPIO_MODE_IT_RISING_FALLING
PC14-OSC32_IN.Signal=GPIO_Output
NVIC.CAN2_RX1_IRQn=true\:0\:0\:false\:false\:true\:false\:true\:true
USB_DEVICE.IPParameters=VirtualMode-CDC_HS,VirtualModeHS,CLASS_NAME_HS,MANUFACTURER_STRING-CDC_HS,PRODUCT_STRING_CDC_HS,USBD_DEBUG_LEVEL-CDC_HS,APP_RX_DATA_SIZE-CDC_HS,APP_TX_DATA_SIZE-CDC_HS
USB_OTG_HS.VirtualMode-Device_Only_FS=Device_Only_FS
RCC.FamilyName=M
PE9.GPIOParameters=GPIO_Label
PE15.GPIOParameters=GPIO_Label
PD12.Locked=true
SH.GPXTI6.0=GPIO_EXTI6
PA13.Signal=SYS_JTMS-SWDIO
SH.GPXTI6.ConfNb=1
VP_FREERTOS_VS_CMSIS_V1.Signal=FREERTOS_VS_CMSIS_V1
PA11.Locked=true
PC15-OSC32_OUT.Locked=true
PE15.GPIO_Label=OPTO_INPUT7
SH.GPXTI2.ConfNb=1
CAN1.BS2=CAN_BS2_2TQ
USB_DEVICE.MANUFACTURER_STRING-CDC_HS=PUTSolarDynamics
PD12.GPIOParameters=GPIO_Label
CAN1.BS1=CAN_BS1_13TQ
ProjectManager.TargetToolchain=STM32CubeIDE
PE5.GPIO_ModeDefaultEXTI=GPIO_MODE_IT_RISING_FALLING
PE7.GPIOParameters=GPIO_Label
PB7.GPIOParameters=GPIO_PuPd,GPIO_Label
PE8.GPIO_Label=OPTO_INPUT14
PE4.Locked=true
SH.GPXTI12.ConfNb=1
PE2.GPIOParameters=GPIO_Label,GPIO_ModeDefaultEXTI
ProjectManager.RegisterCallBack=
PE11.Signal=GPXTI11
RCC.LSE_VALUE=32768
PC15-OSC32_OUT.Signal=GPIO_Output
PE9.GPIO_Label=OPTO_INPUT13
RCC.VCOI2SOutputFreq_Value=384000000
PB14.Signal=USB_OTG_HS_DM
PE6.GPIO_ModeDefaultEXTI=GPIO_MODE_IT_RISING_FALLING
PE13.GPIOParameters=GPIO_Label
board=custom
SH.GPXTI3.0=GPIO_EXTI3
RCC.VCOOutputFreq_Value=240000000
PC13-ANTI_TAMP.Locked=true
PE1.GPIO_Label=OPTO_INPUT1
ProjectManager.LastFirmware=true
PB15.Mode=Device_Only_FS
TIM10.Period=7999
NVIC.SavedSystickIrqHandlerGenerated=true
RCC.APB2Freq_Value=20000000
PE14.Signal=GPXTI14
PE15.Signal=GPXTI15
MxCube.Version=6.0.1
Mcu.Pin37=VP_USB_DEVICE_VS_USB_DEVICE_CDC_HS
Mcu.Pin35=VP_SYS_VS_tim14
PE8.Signal=GPXTI8
Mcu.Pin36=VP_TIM10_VS_ClockSourceINT
CAN2.Mode=CAN_MODE_NORMAL
Mcu.Pin30=PA13
PA10.GPIOParameters=GPIO_PuPd,GPIO_Label
RCC.EthernetFreq_Value=40000000
CAN2.CalculateTimeQuantum=1250.0
Mcu.Pin33=PE1
PH1-OSC_OUT.Signal=RCC_OSC_OUT
Mcu.Pin34=VP_FREERTOS_VS_CMSIS_V1
Mcu.Pin31=PA14
Mcu.Pin32=PB7
NVIC.NonMaskableInt_IRQn=true\:0\:0\:false\:false\:true\:false\:false\:false
PD14.GPIO_Label=PWM3_BROWN_CHARGER_RELAY
PE5.Locked=true
PE6.Signal=GPXTI6
PE7.Locked=true
PA13.Mode=Serial_Wire
ProjectManager.FreePins=false
RCC.IPParameters=48MHZClocksFreq_Value,AHBFreq_Value,APB1Freq_Value,APB1TimFreq_Value,APB2CLKDivider,APB2Freq_Value,APB2TimFreq_Value,CortexFreq_Value,EthernetFreq_Value,FCLKCortexFreq_Value,FamilyName,HCLKFreq_Value,HSE_VALUE,HSI_VALUE,I2SClocksFreq_Value,LSE_VALUE,LSI_VALUE,MCO2PinFreq_Value,PLLCLKFreq_Value,PLLM,PLLN,PLLP,PLLQ,PLLQCLKFreq_Value,RTCFreq_Value,RTCHSEDivFreq_Value,SYSCLKFreq_VALUE,SYSCLKSource,VCOI2SOutputFreq_Value,VCOInputFreq_Value,VCOOutputFreq_Value,VcooutputI2S
PE11.Locked=true
ProjectManager.AskForMigrate=true
Mcu.Name=STM32F407V(E-G)Tx
PE7.GPIO_Label=OPTO_INPUT15
PE12.Signal=GPXTI12
Mcu.Pin26=PD15
Mcu.Pin27=PA10
NVIC.SavedPendsvIrqHandlerGenerated=true
RCC.RTCHSEDivFreq_Value=8000000
Mcu.Pin24=PD13
ProjectManager.UnderRoot=true
PE13.Locked=true
Mcu.Pin25=PD14
Mcu.IP8=USB_OTG_HS
PD14.Signal=GPIO_Output
Mcu.Pin28=PA11
Mcu.IP6=TIM10
Mcu.Pin29=PA12
Mcu.IP7=USB_DEVICE
ProjectManager.CoupleFile=true
RCC.48MHZClocksFreq_Value=48000000
PD14.GPIOParameters=GPIO_Label
RCC.SYSCLKFreq_VALUE=40000000
Mcu.Pin22=PB15
Mcu.Pin23=PD12
Mcu.Pin20=PB13
PE13.GPIO_Label=OPTO_INPUT9
Mcu.Pin21=PB14
SH.GPXTI4.0=GPIO_EXTI4
PA12.Mode=Master
PA10.Locked=true
NVIC.ForceEnableDMAVector=true
KeepUserPlacement=false
NVIC.MemoryManagement_IRQn=true\:0\:0\:false\:false\:true\:false\:false\:false
PE5.GPIO_Label=OPTO_INPUT5
ProjectManager.CompilerOptimize=6
PD15.Locked=true
PA11.Signal=CAN1_RX
SH.GPXTI9.ConfNb=1
NVIC.EXTI9_5_IRQn=true\:2\:0\:true\:false\:true\:false\:true\:true
PA14.Signal=SYS_JTCK-SWCLK
ProjectManager.HeapSize=0x2000
Mcu.Pin15=PE12
NVIC.HardFault_IRQn=true\:0\:0\:false\:false\:true\:false\:false\:false
Mcu.Pin16=PE13
SH.GPXTI4.ConfNb=1
Mcu.Pin13=PE10
Mcu.Pin14=PE11
Mcu.Pin19=PB12
SH.GPXTI15.ConfNb=1
NVIC.TIM1_UP_TIM10_IRQn=true\:1\:0\:true\:false\:true\:false\:true\:true
ProjectManager.ComputerToolchain=false
Mcu.Pin17=PE14
RCC.HSI_VALUE=16000000
Mcu.Pin18=PE15
RCC.PLLP=RCC_PLLP_DIV6
RCC.PLLQ=5
NVIC.PriorityGroup=NVIC_PRIORITYGROUP_4
Mcu.Pin11=PE8
SH.GPXTI15.0=GPIO_EXTI15
Mcu.Pin12=PE9
RCC.PLLM=8
RCC.PLLN=120
Mcu.Pin10=PE7
SH.GPXTI10.ConfNb=1
PB7.Locked=true
PE2.Locked=true
PE3.Signal=GPXTI3
PE3.GPIO_Label=OPTO_INPUT3
PE2.GPIO_ModeDefaultEXTI=GPIO_MODE_IT_RISING_FALLING
PE12.GPIOParameters=GPIO_Label
SH.GPXTI1.ConfNb=1
RCC.APB1Freq_Value=40000000
ProjectManager.DeviceId=STM32F407VGTx
PB12.Signal=CAN2_RX
ProjectManager.LibraryCopy=1
NVIC.CAN1_RX0_IRQn=true\:3\:0\:true\:false\:true\:false\:true\:true
PE1.GPIOParameters=GPIO_Label,GPIO_ModeDefaultEXTI
isbadioc=false
